<?xml version="1.0" encoding="utf-8"?>
<Project ToolsVersion="4.0" xmlns="http://schemas.microsoft.com/developer/msbuild/2003">
  <ItemGroup>
    <ClCompile Include="pch.cpp">
      <Filter>source files</Filter>
    </ClCompile>
    <ClCompile Include="Test.cpp">
      <Filter>source files</Filter>
    </ClCompile>
    <ClCompile Include="TestDlg.cpp">
      <Filter>source files</Filter>
    </ClCompile>
  </ItemGroup>
  <ItemGroup>
    <ClInclude Include="pch.h">
      <Filter>source files</Filter>
    </ClInclude>
    <ClInclude Include="Test.h">
      <Filter>source files</Filter>
    </ClInclude>
    <ClInclude Include="TestDlg.h">
      <Filter>source files</Filter>
    </ClInclude>
    <ClInclude Include="framework.h">
      <Filter>header files</Filter>
    </ClInclude>
    <ClInclude Include="Resource.h">
      <Filter>header files</Filter>
    </ClInclude>
    <ClInclude Include="targetver.h">
      <Filter>header files</Filter>
    </ClInclude>
  </ItemGroup>
  <ItemGroup>
    <Filter Include="source files">
      <UniqueIdentifier>{528380d0-1bc1-4259-8844-5872fe742f9d}</UniqueIdentifier>
    </Filter>
    <Filter Include="resouce files">
      <UniqueIdentifier>{b3f4bec9-ccee-4be3-a8b1-051d47c1bcf4}</UniqueIdentifier>
    </Filter>
    <Filter Include="header files">
      <UniqueIdentifier>{9e7fc9fe-c84e-4957-97ca-cdcb68842aa0}</UniqueIdentifier>
    </Filter>
  </ItemGroup>
  <ItemGroup>
    <Image Include="res\Test.ico">
      <Filter>resouce files</Filter>
    </Image>
  </ItemGroup>
  <ItemGroup>
    <ResourceCompile Include="Test.rc">
      <Filter>resouce files</Filter>
    </ResourceCompile>
  </ItemGroup>
  <ItemGroup>
    <None Include="res\Test.rc2">
      <Filter>resouce files</Filter>
    </None>
  </ItemGroup>
</Project>